
Microsoft Visual Studio Solution File, Format Version 12.00
# Visual Studio Version 17
VisualStudioVersion = 17.11.35303.130
MinimumVisualStudioVersion = 10.0.40219.1
Project("{2150E333-8FDC-42A3-9474-1A3956D46DE8}") = "Solution Items", "Solution Items", "{8FBE46C1-EC46-44C8-A15B-6D2981A11593}"
	ProjectSection(SolutionItems) = preProject
		.editorconfig = .editorconfig
	EndProjectSection
EndProject
Project("{9A19103F-16F7-4668-BE54-9A1E7A4F7556}") = "LogManager.Domain", "LogManager\LogManager.Domain.csproj", "{AF4A4A49-0310-491B-8DC4-AD5D6281C064}"
EndProject
Project("{9A19103F-16F7-4668-BE54-9A1E7A4F7556}") = "LogManager.UI", "LogManager.UI\LogManager.UI.csproj", "{2A595320-36A9-43F9-B7FF-08931A7239A2}"
EndProject
Project("{9A19103F-16F7-4668-BE54-9A1E7A4F7556}") = "Chess.Domain", "Chess.Domain\Chess.Domain.csproj", "{9EC7B0E8-7E55-4742-9332-5CB2A82B590E}"
EndProject
Project("{FAE04EC0-301F-11D3-BF4B-00C04F79EFBC}") = "Chess.UI", "Chess.UI\Chess.UI.csproj", "{D22CE90F-29B7-4CD8-B1FF-54692070B7CE}"
EndProject
Project("{FAE04EC0-301F-11D3-BF4B-00C04F79EFBC}") = "SteelPlant.Domain", "SteelPlant.Domain\SteelPlant.Domain.csproj", "{CF78E1AD-1B00-49A1-A56B-135FAAA4D517}"
EndProject
Global
	GlobalSection(SolutionConfigurationPlatforms) = preSolution
		Debug|Any CPU = Debug|Any CPU
		Release|Any CPU = Release|Any CPU
	EndGlobalSection
	GlobalSection(ProjectConfigurationPlatforms) = postSolution
		{AF4A4A49-0310-491B-8DC4-AD5D6281C064}.Debug|Any CPU.ActiveCfg = Debug|Any CPU
		{AF4A4A49-0310-491B-8DC4-AD5D6281C064}.Debug|Any CPU.Build.0 = Debug|Any CPU
		{AF4A4A49-0310-491B-8DC4-AD5D6281C064}.Release|Any CPU.ActiveCfg = Release|Any CPU
		{AF4A4A49-0310-491B-8DC4-AD5D6281C064}.Release|Any CPU.Build.0 = Release|Any CPU
		{2A595320-36A9-43F9-B7FF-08931A7239A2}.Debug|Any CPU.ActiveCfg = Debug|Any CPU
		{2A595320-36A9-43F9-B7FF-08931A7239A2}.Debug|Any CPU.Build.0 = Debug|Any CPU
		{2A595320-36A9-43F9-B7FF-08931A7239A2}.Release|Any CPU.ActiveCfg = Release|Any CPU
		{2A595320-36A9-43F9-B7FF-08931A7239A2}.Release|Any CPU.Build.0 = Release|Any CPU
		{9EC7B0E8-7E55-4742-9332-5CB2A82B590E}.Debug|Any CPU.ActiveCfg = Debug|Any CPU
		{9EC7B0E8-7E55-4742-9332-5CB2A82B590E}.Debug|Any CPU.Build.0 = Debug|Any CPU
		{9EC7B0E8-7E55-4742-9332-5CB2A82B590E}.Release|Any CPU.ActiveCfg = Release|Any CPU
		{9EC7B0E8-7E55-4742-9332-5CB2A82B590E}.Release|Any CPU.Build.0 = Release|Any CPU
		{D22CE90F-29B7-4CD8-B1FF-54692070B7CE}.Debug|Any CPU.ActiveCfg = Debug|Any CPU
		{D22CE90F-29B7-4CD8-B1FF-54692070B7CE}.Debug|Any CPU.Build.0 = Debug|Any CPU
		{D22CE90F-29B7-4CD8-B1FF-54692070B7CE}.Release|Any CPU.ActiveCfg = Release|Any CPU
		{D22CE90F-29B7-4CD8-B1FF-54692070B7CE}.Release|Any CPU.Build.0 = Release|Any CPU
		{CF78E1AD-1B00-49A1-A56B-135FAAA4D517}.Debug|Any CPU.ActiveCfg = Debug|Any CPU
		{CF78E1AD-1B00-49A1-A56B-135FAAA4D517}.Debug|Any CPU.Build.0 = Debug|Any CPU
		{CF78E1AD-1B00-49A1-A56B-135FAAA4D517}.Release|Any CPU.ActiveCfg = Release|Any CPU
		{CF78E1AD-1B00-49A1-A56B-135FAAA4D517}.Release|Any CPU.Build.0 = Release|Any CPU
	EndGlobalSection
	GlobalSection(SolutionProperties) = preSolution
		HideSolutionNode = FALSE
	EndGlobalSection
	GlobalSection(ExtensibilityGlobals) = postSolution
		SolutionGuid = {8742082B-FD3B-4C19-A096-9BDF36A76E0C}
	EndGlobalSection
EndGlobal
